
Microsoft Visual Studio Solution File, Format Version 12.00
# Visual Studio Version 17
VisualStudioVersion = 17.5.33627.172
MinimumVisualStudioVersion = 10.0.40219.1
Project("{9A19103F-16F7-4668-BE54-9A1E7A4F7556}") = "azheir", "azheir.csproj", "{F735ADCF-E83F-43F8-AA1D-1F3F3FA8ECE2}"
EndProject
Global
	GlobalSection(SolutionConfigurationPlatforms) = preSolution
		Debug|Any CPU = Debug|Any CPU
		ExportDebug|Any CPU = ExportDebug|Any CPU
		ExportRelease|Any CPU = ExportRelease|Any CPU
	EndGlobalSection
	GlobalSection(ProjectConfigurationPlatforms) = postSolution
		{F735ADCF-E83F-43F8-AA1D-1F3F3FA8ECE2}.Debug|Any CPU.ActiveCfg = Debug|Any CPU
		{F735ADCF-E83F-43F8-AA1D-1F3F3FA8ECE2}.Debug|Any CPU.Build.0 = Debug|Any CPU
		{F735ADCF-E83F-43F8-AA1D-1F3F3FA8ECE2}.ExportDebug|Any CPU.ActiveCfg = ExportDebug|Any CPU
		{F735ADCF-E83F-43F8-AA1D-1F3F3FA8ECE2}.ExportDebug|Any CPU.Build.0 = ExportDebug|Any CPU
		{F735ADCF-E83F-43F8-AA1D-1F3F3FA8ECE2}.ExportRelease|Any CPU.ActiveCfg = ExportRelease|Any CPU
		{F735ADCF-E83F-43F8-AA1D-1F3F3FA8ECE2}.ExportRelease|Any CPU.Build.0 = ExportRelease|Any CPU
	EndGlobalSection
	GlobalSection(SolutionProperties) = preSolution
		HideSolutionNode = FALSE
	EndGlobalSection
EndGlobal
